// !$*UTF8*$!
{
	archiveVersion = 1;
	classes = {
	};
	objectVersion = 77;
	objects = {

/* Begin PBXBuildFile section */
		568EE17E2DF8361300EF149D /* Save to NovaTrek Extension.appex in Embed Foundation Extensions */ = {isa = PBXBuildFile; fileRef = 568EE17D2DF8361300EF149D /* Save to NovaTrek Extension.appex */; settings = {ATTRIBUTES = (RemoveHeadersOnCopy, ); }; };
		568EE1882DF8361300EF149D /* Save to NovaTrek Extension.appex in Embed Foundation Extensions */ = {isa = PBXBuildFile; fileRef = 568EE1872DF8361300EF149D /* Save to NovaTrek Extension.appex */; settings = {ATTRIBUTES = (RemoveHeadersOnCopy, ); }; };
/* End PBXBuildFile section */

/* Begin PBXContainerItemProxy section */
		568EE17F2DF8361300EF149D /* PBXContainerItemProxy */ = {
			isa = PBXContainerItemProxy;
			containerPortal = 568EE1432DF8361100EF149D /* Project object */;
			proxyType = 1;
			remoteGlobalIDString = 568EE17C2DF8361300EF149D;
			remoteInfo = "Save to NovaTrek Extension (iOS)";
		};
		568EE1892DF8361300EF149D /* PBXContainerItemProxy */ = {
			isa = PBXContainerItemProxy;
			containerPortal = 568EE1432DF8361100EF149D /* Project object */;
			proxyType = 1;
			remoteGlobalIDString = 568EE1862DF8361300EF149D;
			remoteInfo = "Save to NovaTrek Extension (macOS)";
		};
/* End PBXContainerItemProxy section */

/* Begin PBXCopyFilesBuildPhase section */
		568EE1B12DF8361300EF149D /* Embed Foundation Extensions */ = {
			isa = PBXCopyFilesBuildPhase;
			buildActionMask = 2147483647;
			dstPath = "";
			dstSubfolderSpec = 13;
			files = (
				568EE17E2DF8361300EF149D /* Save to NovaTrek Extension.appex in Embed Foundation Extensions */,
			);
			name = "Embed Foundation Extensions";
			runOnlyForDeploymentPostprocessing = 0;
		};
		568EE1BB2DF8361300EF149D /* Embed Foundation Extensions */ = {
			isa = PBXCopyFilesBuildPhase;
			buildActionMask = 2147483647;
			dstPath = "";
			dstSubfolderSpec = 13;
			files = (
				568EE1882DF8361300EF149D /* Save to NovaTrek Extension.appex in Embed Foundation Extensions */,
			);
			name = "Embed Foundation Extensions";
			runOnlyForDeploymentPostprocessing = 0;
		};
/* End PBXCopyFilesBuildPhase section */

/* Begin PBXFileReference section */
		568EE15F2DF8361300EF149D /* Save to NovaTrek.app */ = {isa = PBXFileReference; explicitFileType = wrapper.application; includeInIndex = 0; path = "Save to NovaTrek.app"; sourceTree = BUILT_PRODUCTS_DIR; };
		568EE1712DF8361300EF149D /* Save to NovaTrek.app */ = {isa = PBXFileReference; explicitFileType = wrapper.application; includeInIndex = 0; path = "Save to NovaTrek.app"; sourceTree = BUILT_PRODUCTS_DIR; };
		568EE17D2DF8361300EF149D /* Save to NovaTrek Extension.appex */ = {isa = PBXFileReference; explicitFileType = "wrapper.app-extension"; includeInIndex = 0; path = "Save to NovaTrek Extension.appex"; sourceTree = BUILT_PRODUCTS_DIR; };
		568EE1872DF8361300EF149D /* Save to NovaTrek Extension.appex */ = {isa = PBXFileReference; explicitFileType = "wrapper.app-extension"; includeInIndex = 0; path = "Save to NovaTrek Extension.appex"; sourceTree = BUILT_PRODUCTS_DIR; };
/* End PBXFileReference section */

/* Begin PBXFileSystemSynchronizedBuildFileExceptionSet section */
		568EE1AC2DF8361300EF149D /* Exceptions for "Shared (App)" folder in "Save to NovaTrek (iOS)" target */ = {
			isa = PBXFileSystemSynchronizedBuildFileExceptionSet;
			membershipExceptions = (
				"/Localized: Resources/Main.html",
				Assets.xcassets,
				Resources/Icon.png,
				Resources/Script.js,
				Resources/Style.css,
				ViewController.swift,
			);
			target = 568EE15E2DF8361300EF149D /* Save to NovaTrek (iOS) */;
		};
		568EE1B02DF8361300EF149D /* Exceptions for "iOS (Extension)" folder in "Save to NovaTrek Extension (iOS)" target */ = {
			isa = PBXFileSystemSynchronizedBuildFileExceptionSet;
			membershipExceptions = (
				Info.plist,
			);
			target = 568EE17C2DF8361300EF149D /* Save to NovaTrek Extension (iOS) */;
		};
		568EE1B52DF8361300EF149D /* Exceptions for "iOS (App)" folder in "Save to NovaTrek (iOS)" target */ = {
			isa = PBXFileSystemSynchronizedBuildFileExceptionSet;
			membershipExceptions = (
				Info.plist,
			);
			target = 568EE15E2DF8361300EF149D /* Save to NovaTrek (iOS) */;
		};
		568EE1B62DF8361300EF149D /* Exceptions for "Shared (App)" folder in "Save to NovaTrek (macOS)" target */ = {
			isa = PBXFileSystemSynchronizedBuildFileExceptionSet;
			membershipExceptions = (
				"/Localized: Resources/Main.html",
				Assets.xcassets,
				Resources/Icon.png,
				Resources/Script.js,
				Resources/Style.css,
				ViewController.swift,
			);
			target = 568EE1702DF8361300EF149D /* Save to NovaTrek (macOS) */;
		};
		568EE1BA2DF8361300EF149D /* Exceptions for "macOS (Extension)" folder in "Save to NovaTrek Extension (macOS)" target */ = {
			isa = PBXFileSystemSynchronizedBuildFileExceptionSet;
			membershipExceptions = (
				Info.plist,
			);
			target = 568EE1862DF8361300EF149D /* Save to NovaTrek Extension (macOS) */;
		};
		568EE1BF2DF8361300EF149D /* Exceptions for "Shared (Extension)" folder in "Save to NovaTrek Extension (iOS)" target */ = {
			isa = PBXFileSystemSynchronizedBuildFileExceptionSet;
			membershipExceptions = (
				Resources/background.js,
				Resources/content.js,
				Resources/manifest.json,
				Resources/popup.css,
				Resources/popup.html,
				Resources/popup.js,
				SafariWebExtensionHandler.swift,
			);
			target = 568EE17C2DF8361300EF149D /* Save to NovaTrek Extension (iOS) */;
		};
		568EE1C02DF8361300EF149D /* Exceptions for "Shared (Extension)" folder in "Save to NovaTrek Extension (macOS)" target */ = {
			isa = PBXFileSystemSynchronizedBuildFileExceptionSet;
			membershipExceptions = (
				Resources/background.js,
				Resources/content.js,
				Resources/manifest.json,
				Resources/popup.css,
				Resources/popup.html,
				Resources/popup.js,
				SafariWebExtensionHandler.swift,
			);
			target = 568EE1862DF8361300EF149D /* Save to NovaTrek Extension (macOS) */;
		};
/* End PBXFileSystemSynchronizedBuildFileExceptionSet section */

/* Begin PBXFileSystemSynchronizedRootGroup section */
		568EE1472DF8361100EF149D /* Shared (App) */ = {
			isa = PBXFileSystemSynchronizedRootGroup;
			exceptions = (
				568EE1AC2DF8361300EF149D /* Exceptions for "Shared (App)" folder in "Save to NovaTrek (iOS)" target */,
				568EE1B62DF8361300EF149D /* Exceptions for "Shared (App)" folder in "Save to NovaTrek (macOS)" target */,
			);
			path = "Shared (App)";
			sourceTree = "<group>";
		};
		568EE1502DF8361300EF149D /* Shared (Extension) */ = {
			isa = PBXFileSystemSynchronizedRootGroup;
			exceptions = (
				568EE1BF2DF8361300EF149D /* Exceptions for "Shared (Extension)" folder in "Save to NovaTrek Extension (iOS)" target */,
				568EE1C02DF8361300EF149D /* Exceptions for "Shared (Extension)" folder in "Save to NovaTrek Extension (macOS)" target */,
			);
			path = "Shared (Extension)";
			sourceTree = "<group>";
		};
		568EE1612DF8361300EF149D /* iOS (App) */ = {
			isa = PBXFileSystemSynchronizedRootGroup;
			exceptions = (
				568EE1B52DF8361300EF149D /* Exceptions for "iOS (App)" folder in "Save to NovaTrek (iOS)" target */,
			);
			path = "iOS (App)";
			sourceTree = "<group>";
		};
		568EE1722DF8361300EF149D /* macOS (App) */ = {
			isa = PBXFileSystemSynchronizedRootGroup;
			path = "macOS (App)";
			sourceTree = "<group>";
		};
		568EE1812DF8361300EF149D /* iOS (Extension) */ = {
			isa = PBXFileSystemSynchronizedRootGroup;
			exceptions = (
				568EE1B02DF8361300EF149D /* Exceptions for "iOS (Extension)" folder in "Save to NovaTrek Extension (iOS)" target */,
			);
			path = "iOS (Extension)";
			sourceTree = "<group>";
		};
		568EE18B2DF8361300EF149D /* macOS (Extension) */ = {
			isa = PBXFileSystemSynchronizedRootGroup;
			exceptions = (
				568EE1BA2DF8361300EF149D /* Exceptions for "macOS (Extension)" folder in "Save to NovaTrek Extension (macOS)" target */,
			);
			path = "macOS (Extension)";
			sourceTree = "<group>";
		};
/* End PBXFileSystemSynchronizedRootGroup section */

/* Begin PBXFrameworksBuildPhase section */
		568EE15C2DF8361300EF149D /* Frameworks */ = {
			isa = PBXFrameworksBuildPhase;
			buildActionMask = 2147483647;
			files = (
			);
			runOnlyForDeploymentPostprocessing = 0;
		};
		568EE16E2DF8361300EF149D /* Frameworks */ = {
			isa = PBXFrameworksBuildPhase;
			buildActionMask = 2147483647;
			files = (
			);
			runOnlyForDeploymentPostprocessing = 0;
		};
		568EE17A2DF8361300EF149D /* Frameworks */ = {
			isa = PBXFrameworksBuildPhase;
			buildActionMask = 2147483647;
			files = (
			);
			runOnlyForDeploymentPostprocessing = 0;
		};
		568EE1842DF8361300EF149D /* Frameworks */ = {
			isa = PBXFrameworksBuildPhase;
			buildActionMask = 2147483647;
			files = (
			);
			runOnlyForDeploymentPostprocessing = 0;
		};
/* End PBXFrameworksBuildPhase section */

/* Begin PBXGroup section */
		568EE1422DF8361100EF149D = {
			isa = PBXGroup;
			children = (
				568EE1472DF8361100EF149D /* Shared (App) */,
				568EE1502DF8361300EF149D /* Shared (Extension) */,
				568EE1612DF8361300EF149D /* iOS (App) */,
				568EE1722DF8361300EF149D /* macOS (App) */,
				568EE1812DF8361300EF149D /* iOS (Extension) */,
				568EE18B2DF8361300EF149D /* macOS (Extension) */,
				568EE1602DF8361300EF149D /* Products */,
			);
			sourceTree = "<group>";
		};
		568EE1602DF8361300EF149D /* Products */ = {
			isa = PBXGroup;
			children = (
				568EE15F2DF8361300EF149D /* Save to NovaTrek.app */,
				568EE1712DF8361300EF149D /* Save to NovaTrek.app */,
				568EE17D2DF8361300EF149D /* Save to NovaTrek Extension.appex */,
				568EE1872DF8361300EF149D /* Save to NovaTrek Extension.appex */,
			);
			name = Products;
			sourceTree = "<group>";
		};
/* End PBXGroup section */

/* Begin PBXNativeTarget section */
		568EE15E2DF8361300EF149D /* Save to NovaTrek (iOS) */ = {
			isa = PBXNativeTarget;
			buildConfigurationList = 568EE1B22DF8361300EF149D /* Build configuration list for PBXNativeTarget "Save to NovaTrek (iOS)" */;
			buildPhases = (
				568EE15B2DF8361300EF149D /* Sources */,
				568EE15C2DF8361300EF149D /* Frameworks */,
				568EE15D2DF8361300EF149D /* Resources */,
				568EE1B12DF8361300EF149D /* Embed Foundation Extensions */,
			);
			buildRules = (
			);
			dependencies = (
				568EE1802DF8361300EF149D /* PBXTargetDependency */,
			);
			fileSystemSynchronizedGroups = (
				568EE1612DF8361300EF149D /* iOS (App) */,
			);
			name = "Save to NovaTrek (iOS)";
			packageProductDependencies = (
			);
			productName = "Save to NovaTrek (iOS)";
			productReference = 568EE15F2DF8361300EF149D /* Save to NovaTrek.app */;
			productType = "com.apple.product-type.application";
		};
		568EE1702DF8361300EF149D /* Save to NovaTrek (macOS) */ = {
			isa = PBXNativeTarget;
			buildConfigurationList = 568EE1BC2DF8361300EF149D /* Build configuration list for PBXNativeTarget "Save to NovaTrek (macOS)" */;
			buildPhases = (
				568EE16D2DF8361300EF149D /* Sources */,
				568EE16E2DF8361300EF149D /* Frameworks */,
				568EE16F2DF8361300EF149D /* Resources */,
				568EE1BB2DF8361300EF149D /* Embed Foundation Extensions */,
			);
			buildRules = (
			);
			dependencies = (
				568EE18A2DF8361300EF149D /* PBXTargetDependency */,
			);
			fileSystemSynchronizedGroups = (
				568EE1722DF8361300EF149D /* macOS (App) */,
			);
			name = "Save to NovaTrek (macOS)";
			packageProductDependencies = (
			);
			productName = "Save to NovaTrek (macOS)";
			productReference = 568EE1712DF8361300EF149D /* Save to NovaTrek.app */;
			productType = "com.apple.product-type.application";
		};
		568EE17C2DF8361300EF149D /* Save to NovaTrek Extension (iOS) */ = {
			isa = PBXNativeTarget;
			buildConfigurationList = 568EE1AD2DF8361300EF149D /* Build configuration list for PBXNativeTarget "Save to NovaTrek Extension (iOS)" */;
			buildPhases = (
				568EE1792DF8361300EF149D /* Sources */,
				568EE17A2DF8361300EF149D /* Frameworks */,
				568EE17B2DF8361300EF149D /* Resources */,
			);
			buildRules = (
			);
			dependencies = (
			);
			fileSystemSynchronizedGroups = (
				568EE1812DF8361300EF149D /* iOS (Extension) */,
			);
			name = "Save to NovaTrek Extension (iOS)";
			packageProductDependencies = (
			);
			productName = "Save to NovaTrek Extension (iOS)";
			productReference = 568EE17D2DF8361300EF149D /* Save to NovaTrek Extension.appex */;
			productType = "com.apple.product-type.app-extension";
		};
		568EE1862DF8361300EF149D /* Save to NovaTrek Extension (macOS) */ = {
			isa = PBXNativeTarget;
			buildConfigurationList = 568EE1B72DF8361300EF149D /* Build configuration list for PBXNativeTarget "Save to NovaTrek Extension (macOS)" */;
			buildPhases = (
				568EE1832DF8361300EF149D /* Sources */,
				568EE1842DF8361300EF149D /* Frameworks */,
				568EE1852DF8361300EF149D /* Resources */,
			);
			buildRules = (
			);
			dependencies = (
			);
			fileSystemSynchronizedGroups = (
				568EE18B2DF8361300EF149D /* macOS (Extension) */,
			);
			name = "Save to NovaTrek Extension (macOS)";
			packageProductDependencies = (
			);
			productName = "Save to NovaTrek Extension (macOS)";
			productReference = 568EE1872DF8361300EF149D /* Save to NovaTrek Extension.appex */;
			productType = "com.apple.product-type.app-extension";
		};
/* End PBXNativeTarget section */

/* Begin PBXProject section */
		568EE1432DF8361100EF149D /* Project object */ = {
			isa = PBXProject;
			attributes = {
				BuildIndependentTargetsInParallel = 1;
				LastSwiftUpdateCheck = 1600;
				LastUpgradeCheck = 1600;
				TargetAttributes = {
					568EE15E2DF8361300EF149D = {
						CreatedOnToolsVersion = 16.0;
					};
					568EE1702DF8361300EF149D = {
						CreatedOnToolsVersion = 16.0;
					};
					568EE17C2DF8361300EF149D = {
						CreatedOnToolsVersion = 16.0;
					};
					568EE1862DF8361300EF149D = {
						CreatedOnToolsVersion = 16.0;
					};
				};
			};
			buildConfigurationList = 568EE1462DF8361100EF149D /* Build configuration list for PBXProject "Save to NovaTrek" */;
			developmentRegion = en;
			hasScannedForEncodings = 0;
			knownRegions = (
				en,
				Base,
			);
			mainGroup = 568EE1422DF8361100EF149D;
			minimizedProjectReferenceProxies = 1;
			preferredProjectObjectVersion = 77;
			productRefGroup = 568EE1602DF8361300EF149D /* Products */;
			projectDirPath = "";
			projectRoot = "";
			targets = (
				568EE15E2DF8361300EF149D /* Save to NovaTrek (iOS) */,
				568EE1702DF8361300EF149D /* Save to NovaTrek (macOS) */,
				568EE17C2DF8361300EF149D /* Save to NovaTrek Extension (iOS) */,
				568EE1862DF8361300EF149D /* Save to NovaTrek Extension (macOS) */,
			);
		};
/* End PBXProject section */

/* Begin PBXResourcesBuildPhase section */
		568EE15D2DF8361300EF149D /* Resources */ = {
			isa = PBXResourcesBuildPhase;
			buildActionMask = 2147483647;
			files = (
			);
			runOnlyForDeploymentPostprocessing = 0;
		};
		568EE16F2DF8361300EF149D /* Resources */ = {
			isa = PBXResourcesBuildPhase;
			buildActionMask = 2147483647;
			files = (
			);
			runOnlyForDeploymentPostprocessing = 0;
		};
		568EE17B2DF8361300EF149D /* Resources */ = {
			isa = PBXResourcesBuildPhase;
			buildActionMask = 2147483647;
			files = (
			);
			runOnlyForDeploymentPostprocessing = 0;
		};
		568EE1852DF8361300EF149D /* Resources */ = {
			isa = PBXResourcesBuildPhase;
			buildActionMask = 2147483647;
			files = (
			);
			runOnlyForDeploymentPostprocessing = 0;
		};
/* End PBXResourcesBuildPhase section */

/* Begin PBXSourcesBuildPhase section */
		568EE15B2DF8361300EF149D /* Sources */ = {
			isa = PBXSourcesBuildPhase;
			buildActionMask = 2147483647;
			files = (
			);
			runOnlyForDeploymentPostprocessing = 0;
		};
		568EE16D2DF8361300EF149D /* Sources */ = {
			isa = PBXSourcesBuildPhase;
			buildActionMask = 2147483647;
			files = (
			);
			runOnlyForDeploymentPostprocessing = 0;
		};
		568EE1792DF8361300EF149D /* Sources */ = {
			isa = PBXSourcesBuildPhase;
			buildActionMask = 2147483647;
			files = (
			);
			runOnlyForDeploymentPostprocessing = 0;
		};
		568EE1832DF8361300EF149D /* Sources */ = {
			isa = PBXSourcesBuildPhase;
			buildActionMask = 2147483647;
			files = (
			);
			runOnlyForDeploymentPostprocessing = 0;
		};
/* End PBXSourcesBuildPhase section */

/* Begin PBXTargetDependency section */
		568EE1802DF8361300EF149D /* PBXTargetDependency */ = {
			isa = PBXTargetDependency;
			target = 568EE17C2DF8361300EF149D /* Save to NovaTrek Extension (iOS) */;
			targetProxy = 568EE17F2DF8361300EF149D /* PBXContainerItemProxy */;
		};
		568EE18A2DF8361300EF149D /* PBXTargetDependency */ = {
			isa = PBXTargetDependency;
			target = 568EE1862DF8361300EF149D /* Save to NovaTrek Extension (macOS) */;
			targetProxy = 568EE1892DF8361300EF149D /* PBXContainerItemProxy */;
		};
/* End PBXTargetDependency section */

/* Begin XCBuildConfiguration section */
		568EE1AE2DF8361300EF149D /* Debug */ = {
			isa = XCBuildConfiguration;
			buildSettings = {
				CODE_SIGN_STYLE = Automatic;
				CURRENT_PROJECT_VERSION = 1;
				DEVELOPMENT_TEAM = TPFYPRTZF8;
				GENERATE_INFOPLIST_FILE = YES;
				INFOPLIST_FILE = "iOS (Extension)/Info.plist";
				INFOPLIST_KEY_CFBundleDisplayName = "Save to NovaTrek Extension";
				INFOPLIST_KEY_NSHumanReadableCopyright = "";
				IPHONEOS_DEPLOYMENT_TARGET = 15.0;
				LD_RUNPATH_SEARCH_PATHS = (
					"$(inherited)",
					"@executable_path/Frameworks",
					"@executable_path/../../Frameworks",
				);
				MARKETING_VERSION = 1.0;
				OTHER_LDFLAGS = (
					"-framework",
					SafariServices,
				);
				PRODUCT_BUNDLE_IDENTIFIER = app.novatrek.safari.Extension;
				PRODUCT_NAME = "Save to NovaTrek Extension";
				SDKROOT = iphoneos;
				SKIP_INSTALL = YES;
				SWIFT_EMIT_LOC_STRINGS = YES;
				SWIFT_VERSION = 5.0;
				TARGETED_DEVICE_FAMILY = "1,2";
			};
			name = Debug;
		};
		568EE1AF2DF8361300EF149D /* Release */ = {
			isa = XCBuildConfiguration;
			buildSettings = {
				CODE_SIGN_STYLE = Automatic;
				CURRENT_PROJECT_VERSION = 1;
				DEVELOPMENT_TEAM = TPFYPRTZF8;
				GENERATE_INFOPLIST_FILE = YES;
				INFOPLIST_FILE = "iOS (Extension)/Info.plist";
				INFOPLIST_KEY_CFBundleDisplayName = "Save to NovaTrek Extension";
				INFOPLIST_KEY_NSHumanReadableCopyright = "";
				IPHONEOS_DEPLOYMENT_TARGET = 15.0;
				LD_RUNPATH_SEARCH_PATHS = (
					"$(inherited)",
					"@executable_path/Frameworks",
					"@executable_path/../../Frameworks",
				);
				MARKETING_VERSION = 1.0;
				OTHER_LDFLAGS = (
					"-framework",
					SafariServices,
				);
				PRODUCT_BUNDLE_IDENTIFIER = app.novatrek.safari.Extension;
				PRODUCT_NAME = "Save to NovaTrek Extension";
				SDKROOT = iphoneos;
				SKIP_INSTALL = YES;
				SWIFT_EMIT_LOC_STRINGS = YES;
				SWIFT_VERSION = 5.0;
				TARGETED_DEVICE_FAMILY = "1,2";
				VALIDATE_PRODUCT = YES;
			};
			name = Release;
		};
		568EE1B32DF8361300EF149D /* Debug */ = {
			isa = XCBuildConfiguration;
			buildSettings = {
				ASSETCATALOG_COMPILER_APPICON_NAME = AppIcon;
				ASSETCATALOG_COMPILER_GLOBAL_ACCENT_COLOR_NAME = AccentColor;
				CODE_SIGN_STYLE = Automatic;
				CURRENT_PROJECT_VERSION = 1;
				DEVELOPMENT_TEAM = TPFYPRTZF8;
				GENERATE_INFOPLIST_FILE = YES;
				INFOPLIST_FILE = "iOS (App)/Info.plist";
				INFOPLIST_KEY_CFBundleDisplayName = "Save to NovaTrek";
				INFOPLIST_KEY_LSApplicationCategoryType = "public.app-category.travel";
				INFOPLIST_KEY_UIApplicationSupportsIndirectInputEvents = YES;
				INFOPLIST_KEY_UILaunchStoryboardName = LaunchScreen;
				INFOPLIST_KEY_UIMainStoryboardFile = Main;
				INFOPLIST_KEY_UISupportedInterfaceOrientations = UIInterfaceOrientationPortrait;
				INFOPLIST_KEY_UISupportedInterfaceOrientations_iPad = "UIInterfaceOrientationLandscapeLeft UIInterfaceOrientationLandscapeRight UIInterfaceOrientationPortrait UIInterfaceOrientationPortraitUpsideDown";
				IPHONEOS_DEPLOYMENT_TARGET = 15.0;
				LD_RUNPATH_SEARCH_PATHS = (
					"$(inherited)",
					"@executable_path/Frameworks",
				);
				MARKETING_VERSION = 1.0;
				OTHER_LDFLAGS = (
					"-framework",
					SafariServices,
					"-framework",
					WebKit,
				);
				PRODUCT_BUNDLE_IDENTIFIER = app.novatrek.safari;
				PRODUCT_NAME = "Save to NovaTrek";
				SDKROOT = iphoneos;
				SWIFT_EMIT_LOC_STRINGS = YES;
				SWIFT_VERSION = 5.0;
				TARGETED_DEVICE_FAMILY = "1,2";
			};
			name = Debug;
		};
		568EE1B42DF8361300EF149D /* Release */ = {
			isa = XCBuildConfiguration;
			buildSettings = {
				ASSETCATALOG_COMPILER_APPICON_NAME = AppIcon;
				ASSETCATALOG_COMPILER_GLOBAL_ACCENT_COLOR_NAME = AccentColor;
				CODE_SIGN_STYLE = Automatic;
				CURRENT_PROJECT_VERSION = 1;
				DEVELOPMENT_TEAM = TPFYPRTZF8;
				GENERATE_INFOPLIST_FILE = YES;
				INFOPLIST_FILE = "iOS (App)/Info.plist";
				INFOPLIST_KEY_CFBundleDisplayName = "Save to NovaTrek";
				INFOPLIST_KEY_LSApplicationCategoryType = "public.app-category.travel";
				INFOPLIST_KEY_UIApplicationSupportsIndirectInputEvents = YES;
				INFOPLIST_KEY_UILaunchStoryboardName = LaunchScreen;
				INFOPLIST_KEY_UIMainStoryboardFile = Main;
				INFOPLIST_KEY_UISupportedInterfaceOrientations = UIInterfaceOrientationPortrait;
				INFOPLIST_KEY_UISupportedInterfaceOrientations_iPad = "UIInterfaceOrientationLandscapeLeft UIInterfaceOrientationLandscapeRight UIInterfaceOrientationPortrait UIInterfaceOrientationPortraitUpsideDown";
				IPHONEOS_DEPLOYMENT_TARGET = 15.0;
				LD_RUNPATH_SEARCH_PATHS = (
					"$(inherited)",
					"@executable_path/Frameworks",
				);
				MARKETING_VERSION = 1.0;
				OTHER_LDFLAGS = (
					"-framework",
					SafariServices,
					"-framework",
					WebKit,
				);
				PRODUCT_BUNDLE_IDENTIFIER = app.novatrek.safari;
				PRODUCT_NAME = "Save to NovaTrek";
				SDKROOT = iphoneos;
				SWIFT_EMIT_LOC_STRINGS = YES;
				SWIFT_VERSION = 5.0;
				TARGETED_DEVICE_FAMILY = "1,2";
				VALIDATE_PRODUCT = YES;
			};
			name = Release;
		};
		568EE1B82DF8361300EF149D /* Debug */ = {
			isa = XCBuildConfiguration;
			buildSettings = {
				CODE_SIGN_ENTITLEMENTS = "macOS (Extension)/Save to NovaTrek.entitlements";
				CODE_SIGN_STYLE = Automatic;
				CURRENT_PROJECT_VERSION = 1;
				DEVELOPMENT_TEAM = TPFYPRTZF8;
				ENABLE_HARDENED_RUNTIME = YES;
				GENERATE_INFOPLIST_FILE = YES;
				INFOPLIST_FILE = "macOS (Extension)/Info.plist";
				INFOPLIST_KEY_CFBundleDisplayName = "Save to NovaTrek Extension";
				INFOPLIST_KEY_NSHumanReadableCopyright = "";
				LD_RUNPATH_SEARCH_PATHS = (
					"$(inherited)",
					"@executable_path/../Frameworks",
					"@executable_path/../../../../Frameworks",
				);
				MACOSX_DEPLOYMENT_TARGET = 10.14;
				MARKETING_VERSION = 1.0;
				OTHER_LDFLAGS = (
					"-framework",
					SafariServices,
				);
				PRODUCT_BUNDLE_IDENTIFIER = app.novatrek.safari.Extension;
				PRODUCT_NAME = "Save to NovaTrek Extension";
				SDKROOT = macosx;
				SKIP_INSTALL = YES;
				SWIFT_EMIT_LOC_STRINGS = YES;
				SWIFT_VERSION = 5.0;
			};
			name = Debug;
		};
		568EE1B92DF8361300EF149D /* Release */ = {
			isa = XCBuildConfiguration;
			buildSettings = {
				CODE_SIGN_ENTITLEMENTS = "macOS (Extension)/Save to NovaTrek.entitlements";
				CODE_SIGN_STYLE = Automatic;
				CURRENT_PROJECT_VERSION = 1;
				DEVELOPMENT_TEAM = TPFYPRTZF8;
				ENABLE_HARDENED_RUNTIME = YES;
				GENERATE_INFOPLIST_FILE = YES;
				INFOPLIST_FILE = "macOS (Extension)/Info.plist";
				INFOPLIST_KEY_CFBundleDisplayName = "Save to NovaTrek Extension";
				INFOPLIST_KEY_NSHumanReadableCopyright = "";
				LD_RUNPATH_SEARCH_PATHS = (
					"$(inherited)",
					"@executable_path/../Frameworks",
					"@executable_path/../../../../Frameworks",
				);
				MACOSX_DEPLOYMENT_TARGET = 10.14;
				MARKETING_VERSION = 1.0;
				OTHER_LDFLAGS = (
					"-framework",
					SafariServices,
				);
				PRODUCT_BUNDLE_IDENTIFIER = app.novatrek.safari.Extension;
				PRODUCT_NAME = "Save to NovaTrek Extension";
				SDKROOT = macosx;
				SKIP_INSTALL = YES;
				SWIFT_EMIT_LOC_STRINGS = YES;
				SWIFT_VERSION = 5.0;
			};
			name = Release;
		};
		568EE1BD2DF8361300EF149D /* Debug */ = {
			isa = XCBuildConfiguration;
			buildSettings = {
				ASSETCATALOG_COMPILER_APPICON_NAME = AppIcon;
				ASSETCATALOG_COMPILER_GLOBAL_ACCENT_COLOR_NAME = AccentColor;
				ASSETCATALOG_COMPILER_INCLUDE_ALL_APPICON_ASSETS = YES;
				CODE_SIGN_ENTITLEMENTS = "macOS (App)/Save to NovaTrek.entitlements";
				CODE_SIGN_STYLE = Automatic;
				CURRENT_PROJECT_VERSION = 1;
				DEVELOPMENT_TEAM = TPFYPRTZF8;
				ENABLE_HARDENED_RUNTIME = YES;
				GENERATE_INFOPLIST_FILE = YES;
				INFOPLIST_KEY_CFBundleDisplayName = "Save to NovaTrek";
				INFOPLIST_KEY_LSApplicationCategoryType = "public.app-category.travel";
				INFOPLIST_KEY_NSMainStoryboardFile = Main;
				INFOPLIST_KEY_NSPrincipalClass = NSApplication;
				LD_RUNPATH_SEARCH_PATHS = (
					"$(inherited)",
					"@executable_path/../Frameworks",
				);
				MACOSX_DEPLOYMENT_TARGET = 10.14;
				MARKETING_VERSION = 1.0;
				OTHER_LDFLAGS = (
					"-framework",
					SafariServices,
					"-framework",
					WebKit,
				);
				PRODUCT_BUNDLE_IDENTIFIER = app.novatrek.safari;
				PRODUCT_NAME = "Save to NovaTrek";
				SDKROOT = macosx;
				SWIFT_EMIT_LOC_STRINGS = YES;
				SWIFT_VERSION = 5.0;
			};
			name = Debug;
		};
		568EE1BE2DF8361300EF149D /* Release */ = {
			isa = XCBuildConfiguration;
			buildSettings = {
				ASSETCATALOG_COMPILER_APPICON_NAME = AppIcon;
				ASSETCATALOG_COMPILER_GLOBAL_ACCENT_COLOR_NAME = AccentColor;
				ASSETCATALOG_COMPILER_INCLUDE_ALL_APPICON_ASSETS = YES;
				CODE_SIGN_ENTITLEMENTS = "macOS (App)/Save to NovaTrek.entitlements";
				CODE_SIGN_STYLE = Automatic;
				CURRENT_PROJECT_VERSION = 1;
				DEVELOPMENT_TEAM = TPFYPRTZF8;
				ENABLE_HARDENED_RUNTIME = YES;
				GENERATE_INFOPLIST_FILE = YES;
				INFOPLIST_KEY_CFBundleDisplayName = "Save to NovaTrek";
				INFOPLIST_KEY_LSApplicationCategoryType = "public.app-category.travel";
				INFOPLIST_KEY_NSMainStoryboardFile = Main;
				INFOPLIST_KEY_NSPrincipalClass = NSApplication;
				LD_RUNPATH_SEARCH_PATHS = (
					"$(inherited)",
					"@executable_path/../Frameworks",
				);
				MACOSX_DEPLOYMENT_TARGET = 10.14;
				MARKETING_VERSION = 1.0;
				OTHER_LDFLAGS = (
					"-framework",
					SafariServices,
					"-framework",
					WebKit,
				);
				PRODUCT_BUNDLE_IDENTIFIER = app.novatrek.safari;
				PRODUCT_NAME = "Save to NovaTrek";
				SDKROOT = macosx;
				SWIFT_EMIT_LOC_STRINGS = YES;
				SWIFT_VERSION = 5.0;
			};
			name = Release;
		};
		568EE1C12DF8361300EF149D /* Debug */ = {
			isa = XCBuildConfiguration;
			buildSettings = {
				ALWAYS_SEARCH_USER_PATHS = NO;
				ASSETCATALOG_COMPILER_GENERATE_SWIFT_ASSET_SYMBOL_EXTENSIONS = YES;
				CLANG_ANALYZER_NONNULL = YES;
				CLANG_ANALYZER_NUMBER_OBJECT_CONVERSION = YES_AGGRESSIVE;
				CLANG_CXX_LANGUAGE_STANDARD = "gnu++20";
				CLANG_ENABLE_MODULES = YES;
				CLANG_ENABLE_OBJC_ARC = YES;
				CLANG_ENABLE_OBJC_WEAK = YES;
				CLANG_WARN_BLOCK_CAPTURE_AUTORELEASING = YES;
				CLANG_WARN_BOOL_CONVERSION = YES;
				CLANG_WARN_COMMA = YES;
				CLANG_WARN_CONSTANT_CONVERSION = YES;
				CLANG_WARN_DEPRECATED_OBJC_IMPLEMENTATIONS = YES;
				CLANG_WARN_DIRECT_OBJC_ISA_USAGE = YES_ERROR;
				CLANG_WARN_DOCUMENTATION_COMMENTS = YES;
				CLANG_WARN_EMPTY_BODY = YES;
				CLANG_WARN_ENUM_CONVERSION = YES;
				CLANG_WARN_INFINITE_RECURSION = YES;
				CLANG_WARN_INT_CONVERSION = YES;
				CLANG_WARN_NON_LITERAL_NULL_CONVERSION = YES;
				CLANG_WARN_OBJC_IMPLICIT_RETAIN_SELF = YES;
				CLANG_WARN_OBJC_LITERAL_CONVERSION = YES;
				CLANG_WARN_OBJC_ROOT_CLASS = YES_ERROR;
				CLANG_WARN_QUOTED_INCLUDE_IN_FRAMEWORK_HEADER = YES;
				CLANG_WARN_RANGE_LOOP_ANALYSIS = YES;
				CLANG_WARN_STRICT_PROTOTYPES = YES;
				CLANG_WARN_SUSPICIOUS_MOVE = YES;
				CLANG_WARN_UNGUARDED_AVAILABILITY = YES_AGGRESSIVE;
				CLANG_WARN_UNREACHABLE_CODE = YES;
				CLANG_WARN__DUPLICATE_METHOD_MATCH = YES;
				COPY_PHASE_STRIP = NO;
				DEBUG_INFORMATION_FORMAT = dwarf;
				ENABLE_STRICT_OBJC_MSGSEND = YES;
				ENABLE_TESTABILITY = YES;
				ENABLE_USER_SCRIPT_SANDBOXING = YES;
				GCC_C_LANGUAGE_STANDARD = gnu17;
				GCC_DYNAMIC_NO_PIC = NO;
				GCC_NO_COMMON_BLOCKS = YES;
				GCC_OPTIMIZATION_LEVEL = 0;
				GCC_PREPROCESSOR_DEFINITIONS = (
					"DEBUG=1",
					"$(inherited)",
				);
				GCC_WARN_64_TO_32_BIT_CONVERSION = YES;
				GCC_WARN_ABOUT_RETURN_TYPE = YES_ERROR;
				GCC_WARN_UNDECLARED_SELECTOR = YES;
				GCC_WARN_UNINITIALIZED_AUTOS = YES_AGGRESSIVE;
				GCC_WARN_UNUSED_FUNCTION = YES;
				GCC_WARN_UNUSED_VARIABLE = YES;
				LOCALIZATION_PREFERS_STRING_CATALOGS = YES;
				MTL_ENABLE_DEBUG_INFO = INCLUDE_SOURCE;
				MTL_FAST_MATH = YES;
				ONLY_ACTIVE_ARCH = YES;
				SWIFT_ACTIVE_COMPILATION_CONDITIONS = "DEBUG $(inherited)";
				SWIFT_OPTIMIZATION_LEVEL = "-Onone";
			};
			name = Debug;
		};
		568EE1C22DF8361300EF149D /* Release */ = {
			isa = XCBuildConfiguration;
			buildSettings = {
				ALWAYS_SEARCH_USER_PATHS = NO;
				ASSETCATALOG_COMPILER_GENERATE_SWIFT_ASSET_SYMBOL_EXTENSIONS = YES;
				CLANG_ANALYZER_NONNULL = YES;
				CLANG_ANALYZER_NUMBER_OBJECT_CONVERSION = YES_AGGRESSIVE;
				CLANG_CXX_LANGUAGE_STANDARD = "gnu++20";
				CLANG_ENABLE_MODULES = YES;
				CLANG_ENABLE_OBJC_ARC = YES;
				CLANG_ENABLE_OBJC_WEAK = YES;
				CLANG_WARN_BLOCK_CAPTURE_AUTORELEASING = YES;
				CLANG_WARN_BOOL_CONVERSION = YES;
				CLANG_WARN_COMMA = YES;
				CLANG_WARN_CONSTANT_CONVERSION = YES;
				CLANG_WARN_DEPRECATED_OBJC_IMPLEMENTATIONS = YES;
				CLANG_WARN_DIRECT_OBJC_ISA_USAGE = YES_ERROR;
				CLANG_WARN_DOCUMENTATION_COMMENTS = YES;
				CLANG_WARN_EMPTY_BODY = YES;
				CLANG_WARN_ENUM_CONVERSION = YES;
				CLANG_WARN_INFINITE_RECURSION = YES;
				CLANG_WARN_INT_CONVERSION = YES;
				CLANG_WARN_NON_LITERAL_NULL_CONVERSION = YES;
				CLANG_WARN_OBJC_IMPLICIT_RETAIN_SELF = YES;
				CLANG_WARN_OBJC_LITERAL_CONVERSION = YES;
				CLANG_WARN_OBJC_ROOT_CLASS = YES_ERROR;
				CLANG_WARN_QUOTED_INCLUDE_IN_FRAMEWORK_HEADER = YES;
				CLANG_WARN_RANGE_LOOP_ANALYSIS = YES;
				CLANG_WARN_STRICT_PROTOTYPES = YES;
				CLANG_WARN_SUSPICIOUS_MOVE = YES;
				CLANG_WARN_UNGUARDED_AVAILABILITY = YES_AGGRESSIVE;
				CLANG_WARN_UNREACHABLE_CODE = YES;
				CLANG_WARN__DUPLICATE_METHOD_MATCH = YES;
				COPY_PHASE_STRIP = NO;
				DEBUG_INFORMATION_FORMAT = "dwarf-with-dsym";
				ENABLE_NS_ASSERTIONS = NO;
				ENABLE_STRICT_OBJC_MSGSEND = YES;
				ENABLE_USER_SCRIPT_SANDBOXING = YES;
				GCC_C_LANGUAGE_STANDARD = gnu17;
				GCC_NO_COMMON_BLOCKS = YES;
				GCC_WARN_64_TO_32_BIT_CONVERSION = YES;
				GCC_WARN_ABOUT_RETURN_TYPE = YES_ERROR;
				GCC_WARN_UNDECLARED_SELECTOR = YES;
				GCC_WARN_UNINITIALIZED_AUTOS = YES_AGGRESSIVE;
				GCC_WARN_UNUSED_FUNCTION = YES;
				GCC_WARN_UNUSED_VARIABLE = YES;
				LOCALIZATION_PREFERS_STRING_CATALOGS = YES;
				MTL_ENABLE_DEBUG_INFO = NO;
				MTL_FAST_MATH = YES;
				SWIFT_COMPILATION_MODE = wholemodule;
			};
			name = Release;
		};
/* End XCBuildConfiguration section */

/* Begin XCConfigurationList section */
		568EE1462DF8361100EF149D /* Build configuration list for PBXProject "Save to NovaTrek" */ = {
			isa = XCConfigurationList;
			buildConfigurations = (
				568EE1C12DF8361300EF149D /* Debug */,
				568EE1C22DF8361300EF149D /* Release */,
			);
			defaultConfigurationIsVisible = 0;
			defaultConfigurationName = Release;
		};
		568EE1AD2DF8361300EF149D /* Build configuration list for PBXNativeTarget "Save to NovaTrek Extension (iOS)" */ = {
			isa = XCConfigurationList;
			buildConfigurations = (
				568EE1AE2DF8361300EF149D /* Debug */,
				568EE1AF2DF8361300EF149D /* Release */,
			);
			defaultConfigurationIsVisible = 0;
			defaultConfigurationName = Release;
		};
		568EE1B22DF8361300EF149D /* Build configuration list for PBXNativeTarget "Save to NovaTrek (iOS)" */ = {
			isa = XCConfigurationList;
			buildConfigurations = (
				568EE1B32DF8361300EF149D /* Debug */,
				568EE1B42DF8361300EF149D /* Release */,
			);
			defaultConfigurationIsVisible = 0;
			defaultConfigurationName = Release;
		};
		568EE1B72DF8361300EF149D /* Build configuration list for PBXNativeTarget "Save to NovaTrek Extension (macOS)" */ = {
			isa = XCConfigurationList;
			buildConfigurations = (
				568EE1B82DF8361300EF149D /* Debug */,
				568EE1B92DF8361300EF149D /* Release */,
			);
			defaultConfigurationIsVisible = 0;
			defaultConfigurationName = Release;
		};
		568EE1BC2DF8361300EF149D /* Build configuration list for PBXNativeTarget "Save to NovaTrek (macOS)" */ = {
			isa = XCConfigurationList;
			buildConfigurations = (
				568EE1BD2DF8361300EF149D /* Debug */,
				568EE1BE2DF8361300EF149D /* Release */,
			);
			defaultConfigurationIsVisible = 0;
			defaultConfigurationName = Release;
		};
/* End XCConfigurationList section */
	};
	rootObject = 568EE1432DF8361100EF149D /* Project object */;
}
